version = 1
revision = 3
requires-python = ">=3.12"

[[package]]
name = "agent-second-brain"
version = "1.0.0"
source = { editable = "." }
dependencies = [
    { name = "aiogram" },
    { name = "deepgram-sdk" },
    { name = "httpx" },
    { name = "pydantic" },
    { name = "pydantic-settings" },
    { name = "todoist-api-python" },
]

[package.optional-dependencies]
dev = [
    { name = "mypy" },
    { name = "pytest" },
    { name = "pytest-asyncio" },
    { name = "ruff" },
]

[package.dev-dependencies]
dev = [
    { name = "pytest" },
    { name = "pytest-asyncio" },
]

[package.metadata]
requires-dist = [
    { name = "aiogram", specifier = ">=3.0" },
    { name = "deepgram-sdk" },
    { name = "httpx" },
    { name = "mypy", marker = "extra == 'dev'" },
    { name = "pydantic", specifier = ">=2.0" },
    { name = "pydantic-settings" },
    { name = "pytest", marker = "extra == 'dev'" },
    { name = "pytest-asyncio", marker = "extra == 'dev'" },
    { name = "ruff", marker = "extra == 'dev'" },
    { name = "todoist-api-python", specifier = ">=3.1.0" },
]
provides-extras = ["dev"]

[package.metadata.requires-dev]
dev = [
    { name = "pytest", specifier = ">=9.0.2" },
    { name = "pytest-asyncio", specifier = ">=1.3.0" },
]

[[package]]
name = "aiofiles"
version = "25.1.0"
source = { registry = "https://pypi.org/simple" }
sdist = { url = "https://files.pythonhosted.org/packages/41/c3/534eac40372d8ee36ef40df62ec129bee4fdb5ad9706e58a29be53b2c970/aiofiles-25.1.0.tar.gz", hash = "sha256:a8d728f0a29de45dc521f18f07297428d56992a742f0cd2701ba86e44d23d5b2", size = 46354, upload-time = "2025-10-09T20:51:04.358Z" }
wheels = [
    { url = "https://files.pythonhosted.org/packages/bc/8a/340a1555ae33d7354dbca4faa54948d76d89a27ceef032c8c3bc661d003e/aiofiles-25.1.0-py3-none-any.whl", hash = "sha256:abe311e527c862958650f9438e859c1fa7568a141b22abcd015e120e86a85695", size = 14668, upload-time = "2025-10-09T20:51:03.174Z" },
]

[[package]]
name = "aiogram"
version = "3.24.0"
source = { registry = "https://pypi.org/simple" }
dependencies = [
    { name = "aiofiles" },
    { name = "aiohttp" },
    { name = "certifi" },
    { name = "magic-filter" },
    { name = "pydantic" },
    { name = "typing-extensions" },
]
sdist = { url = "https://files.pythonhosted.org/packages/fd/2f/04f47e81def8f2168679b1551e665e7ee02cf063e7bddace9fb5d1ce2f35/aiogram-3.24.0.tar.gz", hash = "sha256:ec547ede5bfa8a7a4f5fb02c75391333fc43b6f3de6a6d3f00a32e27628df5f6", size = 1713321, upload-time = "2026-01-02T00:56:55.3Z" }
wheels = [
    { url = "https://files.pythonhosted.org/packages/22/a5/7ba5f75b56f87a956b9e5a3e823bcbb5b55fc968914a16f3c7aa659cfc89/aiogram-3.24.0-py3-none-any.whl", hash = "sha256:eb3cc05b0ec53c7e24d7eada5c069aee2f431332e2e7bc2c8adf30d13b02f715", size = 706866, upload-time = "2026-01-02T00:56:53.115Z" },
]

[[package]]
name = "aiohappyeyeballs"
version = "2.6.1"
source = { registry = "https://pypi.org/simple" }
sdist = { url = "https://files.pythonhosted.org/packages/26/30/f84a107a9c4331c14b2b586036f40965c128aa4fee4dda5d3d51cb14ad54/aiohappyeyeballs-2.6.1.tar.gz", hash = "sha256:c3f9d0113123803ccadfdf3f0faa505bc78e6a72d1cc4806cbd719826e943558", size = 22760, upload-time = "2025-03-12T01:42:48.764Z" }
wheels = [
    { url = "https://files.pythonhosted.org/packages/0f/15/5bf3b99495fb160b63f95972b81750f18f7f4e02ad051373b669d17d44f2/aiohappyeyeballs-2.6.1-py3-none-any.whl", hash = "sha256:f349ba8f4b75cb25c99c5c2d84e997e485204d2902a9597802b0371f09331fb8", size = 15265, upload-time = "2025-03-12T01:42:47.083Z" },
]

[[package]]
name = "aiohttp"
version = "3.13.3"
source = { registry = "https://pypi.org/simple" }
dependencies = [
    { name = "aiohappyeyeballs" },
    { name = "aiosignal" },
    { name = "attrs" },
    { name = "frozenlist" },
    { name = "multidict" },
    { name = "propcache" },
    { name = "yarl" },
]
sdist = { url = "https://files.pythonhosted.org/packages/50/42/32cf8e7704ceb4481406eb87161349abb46a57fee3f008ba9cb610968646/aiohttp-3.13.3.tar.gz", hash = "sha256:a949eee43d3782f2daae4f4a2819b2cb9b0c5d3b7f7a927067cc84dafdbb9f88", size = 7844556, upload-time = "2026-01-03T17:33:05.204Z" }
... (rest of uv.lock content) ...
